
Microsoft Visual Studio Solution File, Format Version 12.00
# Visual Studio 15
VisualStudioVersion = 15.0.27703.2042
MinimumVisualStudioVersion = 10.0.40219.1
Project("{FAE04EC0-301F-11D3-BF4B-00C04F79EFBC}") = "PokemonApp", "PokemonApp\PokemonApp\PokemonApp.csproj", "{4813C742-425E-48C9-BCDE-5FE047A20400}"
EndProject
Project("{FAE04EC0-301F-11D3-BF4B-00C04F79EFBC}") = "PokemonApp.Android", "PokemonApp\PokemonApp.Android\PokemonApp.Android.csproj", "{81373F6A-7316-48A6-A738-2606DF93AA23}"
EndProject
Project("{FAE04EC0-301F-11D3-BF4B-00C04F79EFBC}") = "PokemonApp.iOS", "PokemonApp\PokemonApp.iOS\PokemonApp.iOS.csproj", "{B97AED30-B0B0-455A-A77F-B1303A44D18E}"
EndProject
Global
	GlobalSection(SolutionConfigurationPlatforms) = preSolution
		Ad-Hoc|Any CPU = Ad-Hoc|Any CPU
		Ad-Hoc|iPhone = Ad-Hoc|iPhone
		Ad-Hoc|iPhoneSimulator = Ad-Hoc|iPhoneSimulator
		AppStore|Any CPU = AppStore|Any CPU
		AppStore|iPhone = AppStore|iPhone
		AppStore|iPhoneSimulator = AppStore|iPhoneSimulator
		Debug|Any CPU = Debug|Any CPU
		Debug|iPhone = Debug|iPhone
		Debug|iPhoneSimulator = Debug|iPhoneSimulator
		Release|Any CPU = Release|Any CPU
		Release|iPhone = Release|iPhone
		Release|iPhoneSimulator = Release|iPhoneSimulator
	EndGlobalSection
	GlobalSection(ProjectConfigurationPlatforms) = postSolution
		{4813C742-425E-48C9-BCDE-5FE047A20400}.Ad-Hoc|Any CPU.ActiveCfg = Debug|Any CPU
		{4813C742-425E-48C9-BCDE-5FE047A20400}.Ad-Hoc|Any CPU.Build.0 = Debug|Any CPU
		{4813C742-425E-48C9-BCDE-5FE047A20400}.Ad-Hoc|iPhone.ActiveCfg = Debug|Any CPU
		{4813C742-425E-48C9-BCDE-5FE047A20400}.Ad-Hoc|iPhone.Build.0 = Debug|Any CPU
		{4813C742-425E-48C9-BCDE-5FE047A20400}.Ad-Hoc|iPhoneSimulator.ActiveCfg = Debug|Any CPU
		{4813C742-425E-48C9-BCDE-5FE047A20400}.Ad-Hoc|iPhoneSimulator.Build.0 = Debug|Any CPU
		{4813C742-425E-48C9-BCDE-5FE047A20400}.AppStore|Any CPU.ActiveCfg = Debug|Any CPU
		{4813C742-425E-48C9-BCDE-5FE047A20400}.AppStore|Any CPU.Build.0 = Debug|Any CPU
		{4813C742-425E-48C9-BCDE-5FE047A20400}.AppStore|iPhone.ActiveCfg = Debug|Any CPU
		{4813C742-425E-48C9-BCDE-5FE047A20400}.AppStore|iPhone.Build.0 = Debug|Any CPU
		{4813C742-425E-48C9-BCDE-5FE047A20400}.AppStore|iPhoneSimulator.ActiveCfg = Debug|Any CPU
		{4813C742-425E-48C9-BCDE-5FE047A20400}.AppStore|iPhoneSimulator.Build.0 = Debug|Any CPU
		{4813C742-425E-48C9-BCDE-5FE047A20400}.Debug|Any CPU.ActiveCfg = Debug|Any CPU
		{4813C742-425E-48C9-BCDE-5FE047A20400}.Debug|Any CPU.Build.0 = Debug|Any CPU
		{4813C742-425E-48C9-BCDE-5FE047A20400}.Debug|iPhone.ActiveCfg = Debug|Any CPU
		{4813C742-425E-48C9-BCDE-5FE047A20400}.Debug|iPhone.Build.0 = Debug|Any CPU
		{4813C742-425E-48C9-BCDE-5FE047A20400}.Debug|iPhoneSimulator.ActiveCfg = Debug|Any CPU
		{4813C742-425E-48C9-BCDE-5FE047A20400}.Debug|iPhoneSimulator.Build.0 = Debug|Any CPU
		{4813C742-425E-48C9-BCDE-5FE047A20400}.Release|Any CPU.ActiveCfg = Release|Any CPU
		{4813C742-425E-48C9-BCDE-5FE047A20400}.Release|Any CPU.Build.0 = Release|Any CPU
		{4813C742-425E-48C9-BCDE-5FE047A20400}.Release|iPhone.ActiveCfg = Release|Any CPU
		{4813C742-425E-48C9-BCDE-5FE047A20400}.Release|iPhone.Build.0 = Release|Any CPU
		{4813C742-425E-48C9-BCDE-5FE047A20400}.Release|iPhoneSimulator.ActiveCfg = Release|Any CPU
		{4813C742-425E-48C9-BCDE-5FE047A20400}.Release|iPhoneSimulator.Build.0 = Release|Any CPU
		{81373F6A-7316-48A6-A738-2606DF93AA23}.Ad-Hoc|Any CPU.ActiveCfg = Release|Any CPU
		{81373F6A-7316-48A6-A738-2606DF93AA23}.Ad-Hoc|Any CPU.Build.0 = Release|Any CPU
		{81373F6A-7316-48A6-A738-2606DF93AA23}.Ad-Hoc|Any CPU.Deploy.0 = Release|Any CPU
		{81373F6A-7316-48A6-A738-2606DF93AA23}.Ad-Hoc|iPhone.ActiveCfg = Release|Any CPU
		{81373F6A-7316-48A6-A738-2606DF93AA23}.Ad-Hoc|iPhone.Build.0 = Release|Any CPU
		{81373F6A-7316-48A6-A738-2606DF93AA23}.Ad-Hoc|iPhone.Deploy.0 = Release|Any CPU
		{81373F6A-7316-48A6-A738-2606DF93AA23}.Ad-Hoc|iPhoneSimulator.ActiveCfg = Release|Any CPU
		{81373F6A-7316-48A6-A738-2606DF93AA23}.Ad-Hoc|iPhoneSimulator.Build.0 = Release|Any CPU
		{81373F6A-7316-48A6-A738-2606DF93AA23}.Ad-Hoc|iPhoneSimulator.Deploy.0 = Release|Any CPU
		{81373F6A-7316-48A6-A738-2606DF93AA23}.AppStore|Any CPU.ActiveCfg = Release|Any CPU
		{81373F6A-7316-48A6-A738-2606DF93AA23}.AppStore|Any CPU.Build.0 = Release|Any CPU
		{81373F6A-7316-48A6-A738-2606DF93AA23}.AppStore|Any CPU.Deploy.0 = Release|Any CPU
		{81373F6A-7316-48A6-A738-2606DF93AA23}.AppStore|iPhone.ActiveCfg = Release|Any CPU
		{81373F6A-7316-48A6-A738-2606DF93AA23}.AppStore|iPhone.Build.0 = Release|Any CPU
		{81373F6A-7316-48A6-A738-2606DF93AA23}.AppStore|iPhone.Deploy.0 = Release|Any CPU
		{81373F6A-7316-48A6-A738-2606DF93AA23}.AppStore|iPhoneSimulator.ActiveCfg = Release|Any CPU
		{81373F6A-7316-48A6-A738-2606DF93AA23}.AppStore|iPhoneSimulator.Build.0 = Release|Any CPU
		{81373F6A-7316-48A6-A738-2606DF93AA23}.AppStore|iPhoneSimulator.Deploy.0 = Release|Any CPU
		{81373F6A-7316-48A6-A738-2606DF93AA23}.Debug|Any CPU.ActiveCfg = Debug|Any CPU
		{81373F6A-7316-48A6-A738-2606DF93AA23}.Debug|Any CPU.Build.0 = Debug|Any CPU
		{81373F6A-7316-48A6-A738-2606DF93AA23}.Debug|Any CPU.Deploy.0 = Debug|Any CPU
		{81373F6A-7316-48A6-A738-2606DF93AA23}.Debug|iPhone.ActiveCfg = Debug|Any CPU
		{81373F6A-7316-48A6-A738-2606DF93AA23}.Debug|iPhone.Build.0 = Debug|Any CPU
		{81373F6A-7316-48A6-A738-2606DF93AA23}.Debug|iPhone.Deploy.0 = Debug|Any CPU
		{81373F6A-7316-48A6-A738-2606DF93AA23}.Debug|iPhoneSimulator.ActiveCfg = Debug|Any CPU
		{81373F6A-7316-48A6-A738-2606DF93AA23}.Debug|iPhoneSimulator.Build.0 = Debug|Any CPU
		{81373F6A-7316-48A6-A738-2606DF93AA23}.Debug|iPhoneSimulator.Deploy.0 = Debug|Any CPU
		{81373F6A-7316-48A6-A738-2606DF93AA23}.Release|Any CPU.ActiveCfg = Release|Any CPU
		{81373F6A-7316-48A6-A738-2606DF93AA23}.Release|Any CPU.Build.0 = Release|Any CPU
		{81373F6A-7316-48A6-A738-2606DF93AA23}.Release|Any CPU.Deploy.0 = Release|Any CPU
		{81373F6A-7316-48A6-A738-2606DF93AA23}.Release|iPhone.ActiveCfg = Release|Any CPU
		{81373F6A-7316-48A6-A738-2606DF93AA23}.Release|iPhone.Build.0 = Release|Any CPU
		{81373F6A-7316-48A6-A738-2606DF93AA23}.Release|iPhone.Deploy.0 = Release|Any CPU
		{81373F6A-7316-48A6-A738-2606DF93AA23}.Release|iPhoneSimulator.ActiveCfg = Release|Any CPU
		{81373F6A-7316-48A6-A738-2606DF93AA23}.Release|iPhoneSimulator.Build.0 = Release|Any CPU
		{81373F6A-7316-48A6-A738-2606DF93AA23}.Release|iPhoneSimulator.Deploy.0 = Release|Any CPU
		{B97AED30-B0B0-455A-A77F-B1303A44D18E}.Ad-Hoc|Any CPU.ActiveCfg = Ad-Hoc|iPhone
		{B97AED30-B0B0-455A-A77F-B1303A44D18E}.Ad-Hoc|iPhone.ActiveCfg = Ad-Hoc|iPhone
		{B97AED30-B0B0-455A-A77F-B1303A44D18E}.Ad-Hoc|iPhone.Build.0 = Ad-Hoc|iPhone
		{B97AED30-B0B0-455A-A77F-B1303A44D18E}.Ad-Hoc|iPhoneSimulator.ActiveCfg = Ad-Hoc|iPhoneSimulator
		{B97AED30-B0B0-455A-A77F-B1303A44D18E}.Ad-Hoc|iPhoneSimulator.Build.0 = Ad-Hoc|iPhoneSimulator
		{B97AED30-B0B0-455A-A77F-B1303A44D18E}.AppStore|Any CPU.ActiveCfg = AppStore|iPhone
		{B97AED30-B0B0-455A-A77F-B1303A44D18E}.AppStore|iPhone.ActiveCfg = AppStore|iPhone
		{B97AED30-B0B0-455A-A77F-B1303A44D18E}.AppStore|iPhone.Build.0 = AppStore|iPhone
		{B97AED30-B0B0-455A-A77F-B1303A44D18E}.AppStore|iPhoneSimulator.ActiveCfg = AppStore|iPhoneSimulator
		{B97AED30-B0B0-455A-A77F-B1303A44D18E}.AppStore|iPhoneSimulator.Build.0 = AppStore|iPhoneSimulator
		{B97AED30-B0B0-455A-A77F-B1303A44D18E}.Debug|Any CPU.ActiveCfg = Debug|iPhone
		{B97AED30-B0B0-455A-A77F-B1303A44D18E}.Debug|iPhone.ActiveCfg = Debug|iPhone
		{B97AED30-B0B0-455A-A77F-B1303A44D18E}.Debug|iPhone.Build.0 = Debug|iPhone
		{B97AED30-B0B0-455A-A77F-B1303A44D18E}.Debug|iPhoneSimulator.ActiveCfg = Debug|iPhoneSimulator
		{B97AED30-B0B0-455A-A77F-B1303A44D18E}.Debug|iPhoneSimulator.Build.0 = Debug|iPhoneSimulator
		{B97AED30-B0B0-455A-A77F-B1303A44D18E}.Release|Any CPU.ActiveCfg = Release|iPhone
		{B97AED30-B0B0-455A-A77F-B1303A44D18E}.Release|iPhone.ActiveCfg = Release|iPhone
		{B97AED30-B0B0-455A-A77F-B1303A44D18E}.Release|iPhone.Build.0 = Release|iPhone
		{B97AED30-B0B0-455A-A77F-B1303A44D18E}.Release|iPhoneSimulator.ActiveCfg = Release|iPhoneSimulator
		{B97AED30-B0B0-455A-A77F-B1303A44D18E}.Release|iPhoneSimulator.Build.0 = Release|iPhoneSimulator
	EndGlobalSection
	GlobalSection(SolutionProperties) = preSolution
		HideSolutionNode = FALSE
	EndGlobalSection
	GlobalSection(ExtensibilityGlobals) = postSolution
		SolutionGuid = {B0EB6A58-3DA6-4DA5-A8B3-0CF2C0851B45}
	EndGlobalSection
EndGlobal
